
Microsoft Visual Studio Solution File, Format Version 12.00
# Visual Studio Version 16
VisualStudioVersion = 16.0.31911.196
MinimumVisualStudioVersion = 10.0.40219.1
Project("{FAE04EC0-301F-11D3-BF4B-00C04F79EFBC}") = "WebApplication_VideoTechAcademy", "WebApplication_VideoTechAcademy.csproj", "{A180854B-EBE7-492B-AF25-C0DC3EE772D1}"
EndProject
Global
	GlobalSection(SolutionConfigurationPlatforms) = preSolution
		Debug|Any CPU = Debug|Any CPU
		Release|Any CPU = Release|Any CPU
	EndGlobalSection
	GlobalSection(ProjectConfigurationPlatforms) = postSolution
		{A180854B-EBE7-492B-AF25-C0DC3EE772D1}.Debug|Any CPU.ActiveCfg = Debug|Any CPU
		{A180854B-EBE7-492B-AF25-C0DC3EE772D1}.Debug|Any CPU.Build.0 = Debug|Any CPU
		{A180854B-EBE7-492B-AF25-C0DC3EE772D1}.Release|Any CPU.ActiveCfg = Release|Any CPU
		{A180854B-EBE7-492B-AF25-C0DC3EE772D1}.Release|Any CPU.Build.0 = Release|Any CPU
	EndGlobalSection
	GlobalSection(SolutionProperties) = preSolution
		HideSolutionNode = FALSE
	EndGlobalSection
	GlobalSection(ExtensibilityGlobals) = postSolution
		SolutionGuid = {C9493B1E-BC9B-4C05-8092-856D7E75A194}
	EndGlobalSection
EndGlobal
