
Microsoft Visual Studio Solution File, Format Version 12.00
# Visual Studio Version 16
VisualStudioVersion = 16.0.31910.168
MinimumVisualStudioVersion = 10.0.40219.1
Project("{9A19103F-16F7-4668-BE54-9A1E7A4F7556}") = "myConsoleProject.cs", "myConsoleProject.cs.csproj", "{72EF087E-5041-4F34-BACB-444DCEBE0BD1}"
EndProject
Project("{9A19103F-16F7-4668-BE54-9A1E7A4F7556}") = "VariablesAndDataTypes", "..\VariablesAndDataTypes\VariablesAndDataTypes.csproj", "{03CC5320-8685-4C31-88FC-7F8BB24AA9BD}"
EndProject
Project("{9A19103F-16F7-4668-BE54-9A1E7A4F7556}") = "daylyReport", "..\daylyReport\daylyReport.csproj", "{B803E004-1703-49EF-AFFF-9AA630AED061}"
EndProject
Project("{9A19103F-16F7-4668-BE54-9A1E7A4F7556}") = "math", "..\math\math.csproj", "{884AEC99-252D-4FA2-9CD8-576F35ED64FC}"
EndProject
Project("{9A19103F-16F7-4668-BE54-9A1E7A4F7556}") = "matchConsoleAssignment", "..\matchConsoleAssignment\matchConsoleAssignment.csproj", "{9F64DD58-0BD3-4012-B160-3A951FE62E7F}"
EndProject
Project("{9A19103F-16F7-4668-BE54-9A1E7A4F7556}") = "mathAndComparison", "..\mathAndComparison\mathAndComparison.csproj", "{76F09BD0-F89B-43A0-BED6-59C438B65C5F}"
EndProject
Project("{9A19103F-16F7-4668-BE54-9A1E7A4F7556}") = "booleanLogic", "..\booleanLogic\booleanLogic.csproj", "{1F9DAD3B-867E-41BE-857B-5A41AE73A5AA}"
EndProject
Project("{9A19103F-16F7-4668-BE54-9A1E7A4F7556}") = "Conditional", "..\Conditional\Conditional.csproj", "{164989E3-369E-424D-8EF6-E38D060AA6A5}"
EndProject
Project("{9A19103F-16F7-4668-BE54-9A1E7A4F7556}") = "shippingQuote", "..\shippingQuote\shippingQuote.csproj", "{DBCB27DB-7E01-4489-BC63-53B600066188}"
EndProject
Project("{9A19103F-16F7-4668-BE54-9A1E7A4F7556}") = "Loops", "..\Loops\Loops.csproj", "{A27DB155-5683-4B53-9FDD-B9AB80174FE0}"
EndProject
Project("{9A19103F-16F7-4668-BE54-9A1E7A4F7556}") = "LoopAssignment", "..\LoopAssignment\LoopAssignment.csproj", "{CE42DC4E-007A-4559-8DED-791763C8340F}"
EndProject
Project("{9A19103F-16F7-4668-BE54-9A1E7A4F7556}") = "ArraysLists", "..\ArraysLists\ArraysLists.csproj", "{0F88373C-6712-4659-9DD6-5E88A9406C72}"
EndProject
Project("{9A19103F-16F7-4668-BE54-9A1E7A4F7556}") = "ArrayAssignment", "..\ArrayAssignment\ArrayAssignment.csproj", "{58D8BC89-F660-4444-94AD-5E098CE50246}"
EndProject
Project("{9A19103F-16F7-4668-BE54-9A1E7A4F7556}") = "Iteration", "..\Iteration\Iteration.csproj", "{575030D8-68C3-4E58-8F11-A2BFC169312C}"
EndProject
Project("{9A19103F-16F7-4668-BE54-9A1E7A4F7556}") = "SixPartAssignment", "..\SixPartAssignment\SixPartAssignment.csproj", "{10982597-F7CE-4A22-BF23-53C6EEC46D1B}"
EndProject
Project("{FAE04EC0-301F-11D3-BF4B-00C04F79EFBC}") = "ExceptionHandling", "..\ExceptionHandling\ExceptionHandling.csproj", "{99DAA906-5FF5-4527-A3B6-44534C008F55}"
EndProject
Project("{FAE04EC0-301F-11D3-BF4B-00C04F79EFBC}") = "StringsIntegers", "..\StringsIntegers\StringsIntegers.csproj", "{ECC38626-433D-44C2-95E1-47FBFA22F51C}"
EndProject
Global
	GlobalSection(SolutionConfigurationPlatforms) = preSolution
		Debug|Any CPU = Debug|Any CPU
		Release|Any CPU = Release|Any CPU
	EndGlobalSection
	GlobalSection(ProjectConfigurationPlatforms) = postSolution
		{72EF087E-5041-4F34-BACB-444DCEBE0BD1}.Debug|Any CPU.ActiveCfg = Debug|Any CPU
		{72EF087E-5041-4F34-BACB-444DCEBE0BD1}.Debug|Any CPU.Build.0 = Debug|Any CPU
		{72EF087E-5041-4F34-BACB-444DCEBE0BD1}.Release|Any CPU.ActiveCfg = Release|Any CPU
		{72EF087E-5041-4F34-BACB-444DCEBE0BD1}.Release|Any CPU.Build.0 = Release|Any CPU
		{03CC5320-8685-4C31-88FC-7F8BB24AA9BD}.Debug|Any CPU.ActiveCfg = Debug|Any CPU
		{03CC5320-8685-4C31-88FC-7F8BB24AA9BD}.Debug|Any CPU.Build.0 = Debug|Any CPU
		{03CC5320-8685-4C31-88FC-7F8BB24AA9BD}.Release|Any CPU.ActiveCfg = Release|Any CPU
		{03CC5320-8685-4C31-88FC-7F8BB24AA9BD}.Release|Any CPU.Build.0 = Release|Any CPU
		{B803E004-1703-49EF-AFFF-9AA630AED061}.Debug|Any CPU.ActiveCfg = Debug|Any CPU
		{B803E004-1703-49EF-AFFF-9AA630AED061}.Debug|Any CPU.Build.0 = Debug|Any CPU
		{B803E004-1703-49EF-AFFF-9AA630AED061}.Release|Any CPU.ActiveCfg = Release|Any CPU
		{B803E004-1703-49EF-AFFF-9AA630AED061}.Release|Any CPU.Build.0 = Release|Any CPU
		{884AEC99-252D-4FA2-9CD8-576F35ED64FC}.Debug|Any CPU.ActiveCfg = Debug|Any CPU
		{884AEC99-252D-4FA2-9CD8-576F35ED64FC}.Debug|Any CPU.Build.0 = Debug|Any CPU
		{884AEC99-252D-4FA2-9CD8-576F35ED64FC}.Release|Any CPU.ActiveCfg = Release|Any CPU
		{884AEC99-252D-4FA2-9CD8-576F35ED64FC}.Release|Any CPU.Build.0 = Release|Any CPU
		{9F64DD58-0BD3-4012-B160-3A951FE62E7F}.Debug|Any CPU.ActiveCfg = Debug|Any CPU
		{9F64DD58-0BD3-4012-B160-3A951FE62E7F}.Debug|Any CPU.Build.0 = Debug|Any CPU
		{9F64DD58-0BD3-4012-B160-3A951FE62E7F}.Release|Any CPU.ActiveCfg = Release|Any CPU
		{9F64DD58-0BD3-4012-B160-3A951FE62E7F}.Release|Any CPU.Build.0 = Release|Any CPU
		{76F09BD0-F89B-43A0-BED6-59C438B65C5F}.Debug|Any CPU.ActiveCfg = Debug|Any CPU
		{76F09BD0-F89B-43A0-BED6-59C438B65C5F}.Debug|Any CPU.Build.0 = Debug|Any CPU
		{76F09BD0-F89B-43A0-BED6-59C438B65C5F}.Release|Any CPU.ActiveCfg = Release|Any CPU
		{76F09BD0-F89B-43A0-BED6-59C438B65C5F}.Release|Any CPU.Build.0 = Release|Any CPU
		{1F9DAD3B-867E-41BE-857B-5A41AE73A5AA}.Debug|Any CPU.ActiveCfg = Debug|Any CPU
		{1F9DAD3B-867E-41BE-857B-5A41AE73A5AA}.Debug|Any CPU.Build.0 = Debug|Any CPU
		{1F9DAD3B-867E-41BE-857B-5A41AE73A5AA}.Release|Any CPU.ActiveCfg = Release|Any CPU
		{1F9DAD3B-867E-41BE-857B-5A41AE73A5AA}.Release|Any CPU.Build.0 = Release|Any CPU
		{164989E3-369E-424D-8EF6-E38D060AA6A5}.Debug|Any CPU.ActiveCfg = Debug|Any CPU
		{164989E3-369E-424D-8EF6-E38D060AA6A5}.Debug|Any CPU.Build.0 = Debug|Any CPU
		{164989E3-369E-424D-8EF6-E38D060AA6A5}.Release|Any CPU.ActiveCfg = Release|Any CPU
		{164989E3-369E-424D-8EF6-E38D060AA6A5}.Release|Any CPU.Build.0 = Release|Any CPU
		{DBCB27DB-7E01-4489-BC63-53B600066188}.Debug|Any CPU.ActiveCfg = Debug|Any CPU
		{DBCB27DB-7E01-4489-BC63-53B600066188}.Debug|Any CPU.Build.0 = Debug|Any CPU
		{DBCB27DB-7E01-4489-BC63-53B600066188}.Release|Any CPU.ActiveCfg = Release|Any CPU
		{DBCB27DB-7E01-4489-BC63-53B600066188}.Release|Any CPU.Build.0 = Release|Any CPU
		{A27DB155-5683-4B53-9FDD-B9AB80174FE0}.Debug|Any CPU.ActiveCfg = Debug|Any CPU
		{A27DB155-5683-4B53-9FDD-B9AB80174FE0}.Debug|Any CPU.Build.0 = Debug|Any CPU
		{A27DB155-5683-4B53-9FDD-B9AB80174FE0}.Release|Any CPU.ActiveCfg = Release|Any CPU
		{A27DB155-5683-4B53-9FDD-B9AB80174FE0}.Release|Any CPU.Build.0 = Release|Any CPU
		{CE42DC4E-007A-4559-8DED-791763C8340F}.Debug|Any CPU.ActiveCfg = Debug|Any CPU
		{CE42DC4E-007A-4559-8DED-791763C8340F}.Debug|Any CPU.Build.0 = Debug|Any CPU
		{CE42DC4E-007A-4559-8DED-791763C8340F}.Release|Any CPU.ActiveCfg = Release|Any CPU
		{CE42DC4E-007A-4559-8DED-791763C8340F}.Release|Any CPU.Build.0 = Release|Any CPU
		{0F88373C-6712-4659-9DD6-5E88A9406C72}.Debug|Any CPU.ActiveCfg = Debug|Any CPU
		{0F88373C-6712-4659-9DD6-5E88A9406C72}.Debug|Any CPU.Build.0 = Debug|Any CPU
		{0F88373C-6712-4659-9DD6-5E88A9406C72}.Release|Any CPU.ActiveCfg = Release|Any CPU
		{0F88373C-6712-4659-9DD6-5E88A9406C72}.Release|Any CPU.Build.0 = Release|Any CPU
		{58D8BC89-F660-4444-94AD-5E098CE50246}.Debug|Any CPU.ActiveCfg = Debug|Any CPU
		{58D8BC89-F660-4444-94AD-5E098CE50246}.Debug|Any CPU.Build.0 = Debug|Any CPU
		{58D8BC89-F660-4444-94AD-5E098CE50246}.Release|Any CPU.ActiveCfg = Release|Any CPU
		{58D8BC89-F660-4444-94AD-5E098CE50246}.Release|Any CPU.Build.0 = Release|Any CPU
		{575030D8-68C3-4E58-8F11-A2BFC169312C}.Debug|Any CPU.ActiveCfg = Debug|Any CPU
		{575030D8-68C3-4E58-8F11-A2BFC169312C}.Debug|Any CPU.Build.0 = Debug|Any CPU
		{575030D8-68C3-4E58-8F11-A2BFC169312C}.Release|Any CPU.ActiveCfg = Release|Any CPU
		{575030D8-68C3-4E58-8F11-A2BFC169312C}.Release|Any CPU.Build.0 = Release|Any CPU
		{10982597-F7CE-4A22-BF23-53C6EEC46D1B}.Debug|Any CPU.ActiveCfg = Debug|Any CPU
		{10982597-F7CE-4A22-BF23-53C6EEC46D1B}.Debug|Any CPU.Build.0 = Debug|Any CPU
		{10982597-F7CE-4A22-BF23-53C6EEC46D1B}.Release|Any CPU.ActiveCfg = Release|Any CPU
		{10982597-F7CE-4A22-BF23-53C6EEC46D1B}.Release|Any CPU.Build.0 = Release|Any CPU
		{99DAA906-5FF5-4527-A3B6-44534C008F55}.Debug|Any CPU.ActiveCfg = Debug|Any CPU
		{99DAA906-5FF5-4527-A3B6-44534C008F55}.Debug|Any CPU.Build.0 = Debug|Any CPU
		{99DAA906-5FF5-4527-A3B6-44534C008F55}.Release|Any CPU.ActiveCfg = Release|Any CPU
		{99DAA906-5FF5-4527-A3B6-44534C008F55}.Release|Any CPU.Build.0 = Release|Any CPU
		{ECC38626-433D-44C2-95E1-47FBFA22F51C}.Debug|Any CPU.ActiveCfg = Debug|Any CPU
		{ECC38626-433D-44C2-95E1-47FBFA22F51C}.Debug|Any CPU.Build.0 = Debug|Any CPU
		{ECC38626-433D-44C2-95E1-47FBFA22F51C}.Release|Any CPU.ActiveCfg = Release|Any CPU
		{ECC38626-433D-44C2-95E1-47FBFA22F51C}.Release|Any CPU.Build.0 = Release|Any CPU
	EndGlobalSection
	GlobalSection(SolutionProperties) = preSolution
		HideSolutionNode = FALSE
	EndGlobalSection
	GlobalSection(ExtensibilityGlobals) = postSolution
		SolutionGuid = {56DA4419-4192-4098-9495-3F04A9124883}
	EndGlobalSection
EndGlobal
