
Microsoft Visual Studio Solution File, Format Version 12.00
# Visual Studio Version 16
VisualStudioVersion = 16.0.31911.196
MinimumVisualStudioVersion = 10.0.40219.1
Project("{9A19103F-16F7-4668-BE54-9A1E7A4F7556}") = "TwentyOne", "TwentyOne\TwentyOne.csproj", "{85B0B88F-441E-4582-B7A9-5755207E8BA6}"
EndProject
Project("{9A19103F-16F7-4668-BE54-9A1E7A4F7556}") = "CallingMethods", "CallingMethods\CallingMethods.csproj", "{0A8B1F5B-87E7-462E-8CDB-7B2751B17CBA}"
EndProject
Project("{9A19103F-16F7-4668-BE54-9A1E7A4F7556}") = "MainMethodAssignment", "MainMethodAssignment\MainMethodAssignment.csproj", "{18FA15F5-8E4C-4F56-98CA-90965FD3B85D}"
EndProject
Project("{9A19103F-16F7-4668-BE54-9A1E7A4F7556}") = "MethodSubmission", "MethodSubmission\MethodSubmission.csproj", "{05E11329-9C4E-40A1-A14E-02A1E6E6FEA7}"
EndProject
Project("{9A19103F-16F7-4668-BE54-9A1E7A4F7556}") = "MethodClassSubmission", "MethodClassSubmission\MethodClassSubmission.csproj", "{66FDCB11-ADCA-4BAF-A276-2C137C8D8885}"
EndProject
Project("{9A19103F-16F7-4668-BE54-9A1E7A4F7556}") = "ClassSubmitionAssignment", "ClassSubmitionAssignment\ClassSubmitionAssignment.csproj", "{DABC9AB3-B944-4BE8-9692-9F3A76ECFAA4}"
EndProject
Project("{9A19103F-16F7-4668-BE54-9A1E7A4F7556}") = "MethodsAndObjects", "MethodsAndObjects\MethodsAndObjects.csproj", "{35BC6F3E-4A90-4370-ACD3-66AB4456B592}"
EndProject
Project("{9A19103F-16F7-4668-BE54-9A1E7A4F7556}") = "PolymorphismProject", "PolymorphismProject\PolymorphismProject.csproj", "{64B30CB3-6656-4FCE-83AB-8537B2A05FAE}"
EndProject
Project("{9A19103F-16F7-4668-BE54-9A1E7A4F7556}") = "OperatorsSubmission", "OperatorsSubmission\OperatorsSubmission.csproj", "{E99BCC72-29F2-42BF-844A-09929FE11C21}"
EndProject
Project("{9A19103F-16F7-4668-BE54-9A1E7A4F7556}") = "ParametersProject", "ParametersProject\ParametersProject.csproj", "{048D3E74-C70E-4A8D-8304-2E5B006834E0}"
EndProject
Project("{9A19103F-16F7-4668-BE54-9A1E7A4F7556}") = "MyResourcesProject", "MyResourcesProject\MyResourcesProject.csproj", "{78D10E40-92FB-4373-B61E-28AFFEB35E76}"
EndProject
Project("{9A19103F-16F7-4668-BE54-9A1E7A4F7556}") = "ParsingEnumsProject", "ParsingEnumsProject\ParsingEnumsProject.csproj", "{69A56DFE-A606-4B34-BE42-D55E0CDE2707}"
EndProject
Project("{9A19103F-16F7-4668-BE54-9A1E7A4F7556}") = "StructProject", "StructProject\StructProject.csproj", "{D445ECB8-EE4E-436E-B0D6-05164BE38DE9}"
EndProject
Project("{FAE04EC0-301F-11D3-BF4B-00C04F79EFBC}") = "LambdaProject", "LambdaProject\LambdaProject.csproj", "{256B611D-7F19-4E97-BDF4-2E2F795CDA02}"
EndProject
Project("{FAE04EC0-301F-11D3-BF4B-00C04F79EFBC}") = "InputFileProject", "InputFileProject\InputFileProject.csproj", "{2942381E-B446-4A86-8675-04EF7043B04D}"
EndProject
Project("{FAE04EC0-301F-11D3-BF4B-00C04F79EFBC}") = "DateTimeProject", "DateTimeProject\DateTimeProject.csproj", "{D90F6DB4-2796-4E8A-883C-42BB52397147}"
EndProject
Project("{FAE04EC0-301F-11D3-BF4B-00C04F79EFBC}") = "Casino", "Casino\Casino.csproj", "{187CB744-A3DD-4C09-92B5-3E7E09683D77}"
EndProject
Project("{FAE04EC0-301F-11D3-BF4B-00C04F79EFBC}") = "ConstructorProject", "ConstructorProject\ConstructorProject.csproj", "{FFAEB3F1-68FB-4692-A9CB-A58DCFCE2B60}"
EndProject
Global
	GlobalSection(SolutionConfigurationPlatforms) = preSolution
		Debug|Any CPU = Debug|Any CPU
		Release|Any CPU = Release|Any CPU
	EndGlobalSection
	GlobalSection(ProjectConfigurationPlatforms) = postSolution
		{85B0B88F-441E-4582-B7A9-5755207E8BA6}.Debug|Any CPU.ActiveCfg = Debug|Any CPU
		{85B0B88F-441E-4582-B7A9-5755207E8BA6}.Debug|Any CPU.Build.0 = Debug|Any CPU
		{85B0B88F-441E-4582-B7A9-5755207E8BA6}.Release|Any CPU.ActiveCfg = Release|Any CPU
		{85B0B88F-441E-4582-B7A9-5755207E8BA6}.Release|Any CPU.Build.0 = Release|Any CPU
		{0A8B1F5B-87E7-462E-8CDB-7B2751B17CBA}.Debug|Any CPU.ActiveCfg = Debug|Any CPU
		{0A8B1F5B-87E7-462E-8CDB-7B2751B17CBA}.Debug|Any CPU.Build.0 = Debug|Any CPU
		{0A8B1F5B-87E7-462E-8CDB-7B2751B17CBA}.Release|Any CPU.ActiveCfg = Release|Any CPU
		{0A8B1F5B-87E7-462E-8CDB-7B2751B17CBA}.Release|Any CPU.Build.0 = Release|Any CPU
		{18FA15F5-8E4C-4F56-98CA-90965FD3B85D}.Debug|Any CPU.ActiveCfg = Debug|Any CPU
		{18FA15F5-8E4C-4F56-98CA-90965FD3B85D}.Debug|Any CPU.Build.0 = Debug|Any CPU
		{18FA15F5-8E4C-4F56-98CA-90965FD3B85D}.Release|Any CPU.ActiveCfg = Release|Any CPU
		{18FA15F5-8E4C-4F56-98CA-90965FD3B85D}.Release|Any CPU.Build.0 = Release|Any CPU
		{05E11329-9C4E-40A1-A14E-02A1E6E6FEA7}.Debug|Any CPU.ActiveCfg = Debug|Any CPU
		{05E11329-9C4E-40A1-A14E-02A1E6E6FEA7}.Debug|Any CPU.Build.0 = Debug|Any CPU
		{05E11329-9C4E-40A1-A14E-02A1E6E6FEA7}.Release|Any CPU.ActiveCfg = Release|Any CPU
		{05E11329-9C4E-40A1-A14E-02A1E6E6FEA7}.Release|Any CPU.Build.0 = Release|Any CPU
		{66FDCB11-ADCA-4BAF-A276-2C137C8D8885}.Debug|Any CPU.ActiveCfg = Debug|Any CPU
		{66FDCB11-ADCA-4BAF-A276-2C137C8D8885}.Debug|Any CPU.Build.0 = Debug|Any CPU
		{66FDCB11-ADCA-4BAF-A276-2C137C8D8885}.Release|Any CPU.ActiveCfg = Release|Any CPU
		{66FDCB11-ADCA-4BAF-A276-2C137C8D8885}.Release|Any CPU.Build.0 = Release|Any CPU
		{DABC9AB3-B944-4BE8-9692-9F3A76ECFAA4}.Debug|Any CPU.ActiveCfg = Debug|Any CPU
		{DABC9AB3-B944-4BE8-9692-9F3A76ECFAA4}.Debug|Any CPU.Build.0 = Debug|Any CPU
		{DABC9AB3-B944-4BE8-9692-9F3A76ECFAA4}.Release|Any CPU.ActiveCfg = Release|Any CPU
		{DABC9AB3-B944-4BE8-9692-9F3A76ECFAA4}.Release|Any CPU.Build.0 = Release|Any CPU
		{35BC6F3E-4A90-4370-ACD3-66AB4456B592}.Debug|Any CPU.ActiveCfg = Debug|Any CPU
		{35BC6F3E-4A90-4370-ACD3-66AB4456B592}.Debug|Any CPU.Build.0 = Debug|Any CPU
		{35BC6F3E-4A90-4370-ACD3-66AB4456B592}.Release|Any CPU.ActiveCfg = Release|Any CPU
		{35BC6F3E-4A90-4370-ACD3-66AB4456B592}.Release|Any CPU.Build.0 = Release|Any CPU
		{64B30CB3-6656-4FCE-83AB-8537B2A05FAE}.Debug|Any CPU.ActiveCfg = Debug|Any CPU
		{64B30CB3-6656-4FCE-83AB-8537B2A05FAE}.Debug|Any CPU.Build.0 = Debug|Any CPU
		{64B30CB3-6656-4FCE-83AB-8537B2A05FAE}.Release|Any CPU.ActiveCfg = Release|Any CPU
		{64B30CB3-6656-4FCE-83AB-8537B2A05FAE}.Release|Any CPU.Build.0 = Release|Any CPU
		{E99BCC72-29F2-42BF-844A-09929FE11C21}.Debug|Any CPU.ActiveCfg = Debug|Any CPU
		{E99BCC72-29F2-42BF-844A-09929FE11C21}.Debug|Any CPU.Build.0 = Debug|Any CPU
		{E99BCC72-29F2-42BF-844A-09929FE11C21}.Release|Any CPU.ActiveCfg = Release|Any CPU
		{E99BCC72-29F2-42BF-844A-09929FE11C21}.Release|Any CPU.Build.0 = Release|Any CPU
		{048D3E74-C70E-4A8D-8304-2E5B006834E0}.Debug|Any CPU.ActiveCfg = Debug|Any CPU
		{048D3E74-C70E-4A8D-8304-2E5B006834E0}.Debug|Any CPU.Build.0 = Debug|Any CPU
		{048D3E74-C70E-4A8D-8304-2E5B006834E0}.Release|Any CPU.ActiveCfg = Release|Any CPU
		{048D3E74-C70E-4A8D-8304-2E5B006834E0}.Release|Any CPU.Build.0 = Release|Any CPU
		{78D10E40-92FB-4373-B61E-28AFFEB35E76}.Debug|Any CPU.ActiveCfg = Debug|Any CPU
		{78D10E40-92FB-4373-B61E-28AFFEB35E76}.Debug|Any CPU.Build.0 = Debug|Any CPU
		{78D10E40-92FB-4373-B61E-28AFFEB35E76}.Release|Any CPU.ActiveCfg = Release|Any CPU
		{78D10E40-92FB-4373-B61E-28AFFEB35E76}.Release|Any CPU.Build.0 = Release|Any CPU
		{69A56DFE-A606-4B34-BE42-D55E0CDE2707}.Debug|Any CPU.ActiveCfg = Debug|Any CPU
		{69A56DFE-A606-4B34-BE42-D55E0CDE2707}.Debug|Any CPU.Build.0 = Debug|Any CPU
		{69A56DFE-A606-4B34-BE42-D55E0CDE2707}.Release|Any CPU.ActiveCfg = Release|Any CPU
		{69A56DFE-A606-4B34-BE42-D55E0CDE2707}.Release|Any CPU.Build.0 = Release|Any CPU
		{D445ECB8-EE4E-436E-B0D6-05164BE38DE9}.Debug|Any CPU.ActiveCfg = Debug|Any CPU
		{D445ECB8-EE4E-436E-B0D6-05164BE38DE9}.Debug|Any CPU.Build.0 = Debug|Any CPU
		{D445ECB8-EE4E-436E-B0D6-05164BE38DE9}.Release|Any CPU.ActiveCfg = Release|Any CPU
		{D445ECB8-EE4E-436E-B0D6-05164BE38DE9}.Release|Any CPU.Build.0 = Release|Any CPU
		{256B611D-7F19-4E97-BDF4-2E2F795CDA02}.Debug|Any CPU.ActiveCfg = Debug|Any CPU
		{256B611D-7F19-4E97-BDF4-2E2F795CDA02}.Debug|Any CPU.Build.0 = Debug|Any CPU
		{256B611D-7F19-4E97-BDF4-2E2F795CDA02}.Release|Any CPU.ActiveCfg = Release|Any CPU
		{256B611D-7F19-4E97-BDF4-2E2F795CDA02}.Release|Any CPU.Build.0 = Release|Any CPU
		{2942381E-B446-4A86-8675-04EF7043B04D}.Debug|Any CPU.ActiveCfg = Debug|Any CPU
		{2942381E-B446-4A86-8675-04EF7043B04D}.Debug|Any CPU.Build.0 = Debug|Any CPU
		{2942381E-B446-4A86-8675-04EF7043B04D}.Release|Any CPU.ActiveCfg = Release|Any CPU
		{2942381E-B446-4A86-8675-04EF7043B04D}.Release|Any CPU.Build.0 = Release|Any CPU
		{D90F6DB4-2796-4E8A-883C-42BB52397147}.Debug|Any CPU.ActiveCfg = Debug|Any CPU
		{D90F6DB4-2796-4E8A-883C-42BB52397147}.Debug|Any CPU.Build.0 = Debug|Any CPU
		{D90F6DB4-2796-4E8A-883C-42BB52397147}.Release|Any CPU.ActiveCfg = Release|Any CPU
		{D90F6DB4-2796-4E8A-883C-42BB52397147}.Release|Any CPU.Build.0 = Release|Any CPU
		{187CB744-A3DD-4C09-92B5-3E7E09683D77}.Debug|Any CPU.ActiveCfg = Debug|Any CPU
		{187CB744-A3DD-4C09-92B5-3E7E09683D77}.Debug|Any CPU.Build.0 = Debug|Any CPU
		{187CB744-A3DD-4C09-92B5-3E7E09683D77}.Release|Any CPU.ActiveCfg = Release|Any CPU
		{187CB744-A3DD-4C09-92B5-3E7E09683D77}.Release|Any CPU.Build.0 = Release|Any CPU
		{FFAEB3F1-68FB-4692-A9CB-A58DCFCE2B60}.Debug|Any CPU.ActiveCfg = Debug|Any CPU
		{FFAEB3F1-68FB-4692-A9CB-A58DCFCE2B60}.Debug|Any CPU.Build.0 = Debug|Any CPU
		{FFAEB3F1-68FB-4692-A9CB-A58DCFCE2B60}.Release|Any CPU.ActiveCfg = Release|Any CPU
		{FFAEB3F1-68FB-4692-A9CB-A58DCFCE2B60}.Release|Any CPU.Build.0 = Release|Any CPU
	EndGlobalSection
	GlobalSection(SolutionProperties) = preSolution
		HideSolutionNode = FALSE
	EndGlobalSection
	GlobalSection(ExtensibilityGlobals) = postSolution
		SolutionGuid = {92CFD743-052C-4462-98E9-1C57839B63C1}
	EndGlobalSection
EndGlobal
